{
  "version": "3",
  "remote": {
    "https://cdn.skypack.dev/-/debug@v4.3.4-o4liVvMlOnQWbLSYZMXw/dist=es2019,mode=imports/optimized/debug.js": "671100993996e39b501301a87000607916d4d2d9f8fc8e9c5200ae5ba64a1389",
    "https://cdn.skypack.dev/-/ms@v2.1.2-giBDZ1IA5lmQ3ZXaa87V/dist=es2019,mode=imports/optimized/ms.js": "fd88e2d51900437011f1ad232f3393ce97db1b87a7844b3c58dd6d65562c1276",
    "https://cdn.skypack.dev/debug@4.3.4": "7b1d010cc930f71b940ba5941da055bc181115229e29de7214bdb4425c68ea76",
    "https://deno.land/std@0.202.0/path/_basename.ts": "057d420c9049821f983f784fd87fa73ac471901fb628920b67972b0f44319343",
    "https://deno.land/std@0.202.0/path/_constants.ts": "e49961f6f4f48039c0dfed3c3f93e963ca3d92791c9d478ac5b43183413136e0",
    "https://deno.land/std@0.202.0/path/_os.ts": "30b0c2875f360c9296dbe6b7f2d528f0f9c741cecad2e97f803f5219e91b40a2",
    "https://deno.land/std@0.202.0/path/_util.ts": "4e191b1bac6b3bf0c31aab42e5ca2e01a86ab5a0d2e08b75acf8585047a86221",
    "https://deno.land/std@0.202.0/path/basename.ts": "bdfa5a624c6a45564dc6758ef2077f2822978a6dbe77b0a3514f7d1f81362930",
    "https://deno.land/std@0.202.0/streams/_common.ts": "3b2c1f0287ce2ad51fff4091a7d0f48375c85b0ec341468e76d5ac13bb0014dd",
    "https://deno.land/std@0.202.0/streams/iterate_reader.ts": "3b42d3056c8ccade561f1c7ac22d5e671e745933d9f9168fd3b5913588d911c3",
    "https://deno.land/x/grammy@v1.19.2/bot.ts": "8d13cd72f1512e3f76d685131c7d0db5ba51f2c877db5ac2c0aa4b0f6f876aa8",
    "https://deno.land/x/grammy@v1.19.2/composer.ts": "8660f86990f4ef2afc4854a1f2610bb8d60f88116f3a57c8e5515a77b277f82d",
    "https://deno.land/x/grammy@v1.19.2/context.ts": "4cf51ed7538750edb4379f757f6b8b3c1f3987242d58393160b463c9ca13c997",
    "https://deno.land/x/grammy@v1.19.2/convenience/constants.ts": "3be0f6393ab2b2995fad6bcd4c9cf8a1a615ae4543fc864c107ba0dd38f123f6",
    "https://deno.land/x/grammy@v1.19.2/convenience/frameworks.ts": "77e2f9fc841ab92d4310b556126447a42f131ad976a6adfff454c016f339b28e",
    "https://deno.land/x/grammy@v1.19.2/convenience/inline_query.ts": "409d1940c7670708064efa495003bcbfdf6763a756b2e6303c464489fd3394ff",
    "https://deno.land/x/grammy@v1.19.2/convenience/input_media.ts": "7af72a5fdb1af0417e31b1327003f536ddfdf64e06ab8bc7f5da6b574de38658",
    "https://deno.land/x/grammy@v1.19.2/convenience/keyboard.ts": "21220dc2321c40203c699fa4eb7b07ed8217956ea0477c241a551224a58a278d",
    "https://deno.land/x/grammy@v1.19.2/convenience/session.ts": "f92d57b6b2b61920912cf5c44d4db2f6ca999fe4f9adef170c321889d49667c2",
    "https://deno.land/x/grammy@v1.19.2/convenience/webhook.ts": "f1da7d6426171fb7b5d5f6b59633f91d3bab9a474eea821f714932650965eb9e",
    "https://deno.land/x/grammy@v1.19.2/core/api.ts": "7d4d8df3567e322ab3b793360ee48da09f46ad531ef994a87b3e6aef4ec23bf2",
    "https://deno.land/x/grammy@v1.19.2/core/client.ts": "39639e4f5fc3a3f9d528c6906d7e3cdc268cf5d33929eeab801bb39642a59103",
    "https://deno.land/x/grammy@v1.19.2/core/error.ts": "4638b2127ebe60249c78b83011d468f5e1e1a87748d32fe11a8200d9f824ad13",
    "https://deno.land/x/grammy@v1.19.2/core/payload.ts": "420e17c3c2830b5576ea187cfce77578fe09f1204b25c25ea2f220ca7c86e73b",
    "https://deno.land/x/grammy@v1.19.2/filter.ts": "201ddac882ab6cd46cae2d18eb8097460dfe7cedadaab2ba16959c5286d5a5f1",
    "https://deno.land/x/grammy@v1.19.2/mod.ts": "b81cccf69779667b36bef5d0373d1567684917a3b9827873f3de7a7e6af1926f",
    "https://deno.land/x/grammy@v1.19.2/platform.deno.ts": "84735643c8dde2cf8af5ac2e6b8eb0768452260878da93238d673cb1b4ccea55",
    "https://deno.land/x/grammy@v1.19.2/types.deno.ts": "0f47eacde6d3d65f107f2abf16ecfe726298d30263367cc82e977c801b766229",
    "https://deno.land/x/grammy@v1.19.2/types.ts": "729415590dfa188dbe924dea614dff4e976babdbabb28a307b869fc25777cdf0",
    "https://deno.land/x/grammy_types@v3.3.0/api.ts": "efc90a31eb6f59ae5e7a4cf5838f46529e2fa6fa7e97a51a82dbd28afad21592",
    "https://deno.land/x/grammy_types@v3.3.0/inline.ts": "b5669d79f8c0c6f7d6ca856d548c1ac7d490efd54ee785d18a7c4fc12abfd73b",
    "https://deno.land/x/grammy_types@v3.3.0/manage.ts": "e39ec87e74469f70f35aa51dc520b02136ea5e75f9d7a7e0e513846a00b63fd2",
    "https://deno.land/x/grammy_types@v3.3.0/markup.ts": "7b547b79130a112f98fbd3f0f754c8bb926f7cab3040d244b5f597aea0e1ce09",
    "https://deno.land/x/grammy_types@v3.3.0/message.ts": "e78a7797174c537bb8de80597e265121615fa36a531dd88ac5af27aa68779172",
    "https://deno.land/x/grammy_types@v3.3.0/methods.ts": "7547cedfec2c2727b30b8fa38050aee6642c56673b21cfd0ac56b0e531f02795",
    "https://deno.land/x/grammy_types@v3.3.0/mod.ts": "7b5f421b4fbb1761f7f0d68328eaddd515f3222ce3f3cdfbedd8d5a4781e91a7",
    "https://deno.land/x/grammy_types@v3.3.0/passport.ts": "e3fb63aec96510bcc317ef48fd25b435444b8f407502d7568c00fce15f2958fd",
    "https://deno.land/x/grammy_types@v3.3.0/payment.ts": "d23e9038c5b479b606e620dd84e3e67b6642ada110a962f2d5b5286e99ec7de5",
    "https://deno.land/x/grammy_types@v3.3.0/settings.ts": "5e989f5bd6c587d55673bd8052293869aa2f372e9223dd7f6e28632bfe021b6e",
    "https://deno.land/x/grammy_types@v3.3.0/update.ts": "6d5ec6d1f6d2acf021f807f6bbf7d541487f30672cfab4700e7f935a490c3b78"
  }
}
